
Microsoft Visual Studio Solution File, Format Version 12.00
# Visual Studio Version 17
VisualStudioVersion = 17.13.35828.75
MinimumVisualStudioVersion = 10.0.40219.1
Project("{FAE04EC0-301F-11D3-BF4B-00C04F79EFBC}") = "MudBlazor.Markdown.Toc", "MudBlazor.Markdown.Toc\MudBlazor.Markdown.Toc.csproj", "{F747CBBB-59AD-42EC-BB44-A09FCDDBCAD3}"
EndProject
Project("{FAE04EC0-301F-11D3-BF4B-00C04F79EFBC}") = "MudBlazor.Markdown.Toc.Example", "MudBlazor.Markdown.Toc.Example\MudBlazor.Markdown.Toc.Example.csproj", "{8BFAA2C5-CACA-41FA-9424-AD06BD443ABE}"
EndProject
Global
	GlobalSection(SolutionConfigurationPlatforms) = preSolution
		Debug|Any CPU = Debug|Any CPU
		Release|Any CPU = Release|Any CPU
	EndGlobalSection
	GlobalSection(ProjectConfigurationPlatforms) = postSolution
		{F747CBBB-59AD-42EC-BB44-A09FCDDBCAD3}.Debug|Any CPU.ActiveCfg = Debug|Any CPU
		{F747CBBB-59AD-42EC-BB44-A09FCDDBCAD3}.Debug|Any CPU.Build.0 = Debug|Any CPU
		{F747CBBB-59AD-42EC-BB44-A09FCDDBCAD3}.Release|Any CPU.ActiveCfg = Release|Any CPU
		{F747CBBB-59AD-42EC-BB44-A09FCDDBCAD3}.Release|Any CPU.Build.0 = Release|Any CPU
		{8BFAA2C5-CACA-41FA-9424-AD06BD443ABE}.Debug|Any CPU.ActiveCfg = Debug|Any CPU
		{8BFAA2C5-CACA-41FA-9424-AD06BD443ABE}.Debug|Any CPU.Build.0 = Debug|Any CPU
		{8BFAA2C5-CACA-41FA-9424-AD06BD443ABE}.Release|Any CPU.ActiveCfg = Release|Any CPU
		{8BFAA2C5-CACA-41FA-9424-AD06BD443ABE}.Release|Any CPU.Build.0 = Release|Any CPU
	EndGlobalSection
	GlobalSection(SolutionProperties) = preSolution
		HideSolutionNode = FALSE
	EndGlobalSection
	GlobalSection(ExtensibilityGlobals) = postSolution
		SolutionGuid = {143A2662-DDD4-4001-A40B-07FE96E97578}
	EndGlobalSection
EndGlobal
